// !$*UTF8*$!
{
	archiveVersion = 1;
	classes = {
	};
	objectVersion = 45;
	objects = {

/* Begin PBXBuildFile section */
		10416BFE15778CD30007C450 /* Application.cpp in Sources */ = {isa = PBXBuildFile; fileRef = 10416BA215778CD30007C450 /* Application.cpp */; };
		10416BFF15778CD30007C450 /* Game.cpp in Sources */ = {isa = PBXBuildFile; fileRef = 10416BA615778CD30007C450 /* Game.cpp */; };
		10416C0115778CD30007C450 /* GSAbout.cpp in Sources */ = {isa = PBXBuildFile; fileRef = 10416BB115778CD30007C450 /* GSAbout.cpp */; };
		10416C0215778CD30007C450 /* GSBaseState.cpp in Sources */ = {isa = PBXBuildFile; fileRef = 10416BB315778CD30007C450 /* GSBaseState.cpp */; };
		10416C0315778CD30007C450 /* GSLoadGame.cpp in Sources */ = {isa = PBXBuildFile; fileRef = 10416BB515778CD30007C450 /* GSLoadGame.cpp */; };
		10416C0415778CD30007C450 /* GSMainMenu.cpp in Sources */ = {isa = PBXBuildFile; fileRef = 10416BB715778CD30007C450 /* GSMainMenu.cpp */; };
		10416C0515778CD30007C450 /* GSMenuOption.cpp in Sources */ = {isa = PBXBuildFile; fileRef = 10416BB915778CD30007C450 /* GSMenuOption.cpp */; };
		10416C0615778CD30007C450 /* GSNewGame.cpp in Sources */ = {isa = PBXBuildFile; fileRef = 10416BBB15778CD30007C450 /* GSNewGame.cpp */; };
		10416C0715778CD30007C450 /* GSSelectlanguage.cpp in Sources */ = {isa = PBXBuildFile; fileRef = 10416BBD15778CD30007C450 /* GSSelectlanguage.cpp */; };
		10416C0815778CD30007C450 /* GSTested_State.cpp in Sources */ = {isa = PBXBuildFile; fileRef = 10416BBF15778CD30007C450 /* GSTested_State.cpp */; };
		10416C0915778CD30007C450 /* Loading.cpp in Sources */ = {isa = PBXBuildFile; fileRef = 10416BC115778CD30007C450 /* Loading.cpp */; };
		10416C0B15778CD30007C450 /* GOCharacter.cpp in Sources */ = {isa = PBXBuildFile; fileRef = 10416BC815778CD30007C450 /* GOCharacter.cpp */; };
		10416C0C15778CD30007C450 /* CFBXMeshFileLoader.cpp in Sources */ = {isa = PBXBuildFile; fileRef = 10416BCB15778CD30007C450 /* CFBXMeshFileLoader.cpp */; };
		10416C0D15778CD30007C450 /* CUnrealMeshFileLoader.cpp in Sources */ = {isa = PBXBuildFile; fileRef = 10416BCD15778CD30007C450 /* CUnrealMeshFileLoader.cpp */; };
		10416C0E15778CD30007C450 /* EventManager.cpp in Sources */ = {isa = PBXBuildFile; fileRef = 10416BD315778CD30007C450 /* EventManager.cpp */; };
		10416C0F15778CD30007C450 /* GameObjectsManager.cpp in Sources */ = {isa = PBXBuildFile; fileRef = 10416BD815778CD30007C450 /* GameObjectsManager.cpp */; };
		10416C1015778CD30007C450 /* Logs.cpp in Sources */ = {isa = PBXBuildFile; fileRef = 10416BDB15778CD30007C450 /* Logs.cpp */; };
		10416C1115778CD30007C450 /* StateMachine.cpp in Sources */ = {isa = PBXBuildFile; fileRef = 10416BDF15778CD30007C450 /* StateMachine.cpp */; };
		10416C1215778CD30007C450 /* OpenOfficeContextLoader.cpp in Sources */ = {isa = PBXBuildFile; fileRef = 10416BE415778CD30007C450 /* OpenOfficeContextLoader.cpp */; };
		10416C1315778CD30007C450 /* SpreadSheetsCell.cpp in Sources */ = {isa = PBXBuildFile; fileRef = 10416BE615778CD30007C450 /* SpreadSheetsCell.cpp */; };
		10416C1415778CD30007C450 /* SpreadSheetsColumn.cpp in Sources */ = {isa = PBXBuildFile; fileRef = 10416BE815778CD30007C450 /* SpreadSheetsColumn.cpp */; };
		10416C1515778CD30007C450 /* SpreadSheetsCore.cpp in Sources */ = {isa = PBXBuildFile; fileRef = 10416BEA15778CD30007C450 /* SpreadSheetsCore.cpp */; };
		10416C1615778CD30007C450 /* SpreadSheetsList.cpp in Sources */ = {isa = PBXBuildFile; fileRef = 10416BEC15778CD30007C450 /* SpreadSheetsList.cpp */; };
		10416C1715778CD30007C450 /* StringManager.cpp in Sources */ = {isa = PBXBuildFile; fileRef = 10416BEE15778CD30007C450 /* StringManager.cpp */; };
		10416C1815778CD30007C450 /* TimeManager.cpp in Sources */ = {isa = PBXBuildFile; fileRef = 10416BF115778CD30007C450 /* TimeManager.cpp */; };
		10416C1915778CD30007C450 /* UIFontFileSelector.cpp in Sources */ = {isa = PBXBuildFile; fileRef = 10416BF415778CD30007C450 /* UIFontFileSelector.cpp */; };
		10416C1A15778CD30007C450 /* UIManager.cpp in Sources */ = {isa = PBXBuildFile; fileRef = 10416BF615778CD30007C450 /* UIManager.cpp */; };
		10416C1B15778CD30007C450 /* UIObject.cpp in Sources */ = {isa = PBXBuildFile; fileRef = 10416BF815778CD30007C450 /* UIObject.cpp */; };
		10416C1C15778CD30007C450 /* UIText.cpp in Sources */ = {isa = PBXBuildFile; fileRef = 10416BFA15778CD30007C450 /* UIText.cpp */; };
		10416C1D15778CD30007C450 /* StdAfx.cpp in Sources */ = {isa = PBXBuildFile; fileRef = 10416BFC15778CD30007C450 /* StdAfx.cpp */; };
		108E022D154AA26C00803EE6 /* OpenAL.framework in Frameworks */ = {isa = PBXBuildFile; fileRef = 108E022C154AA26C00803EE6 /* OpenAL.framework */; };
		10A6EF7115332C9C00419003 /* data in Resources */ = {isa = PBXBuildFile; fileRef = 10A6EF7015332C9C00419003 /* data */; };
		10A98E811520E82300A21E9E /* CoreGraphics.framework in Frameworks */ = {isa = PBXBuildFile; fileRef = 10A98E801520E82300A21E9E /* CoreGraphics.framework */; };
		10AE7C3B1521D18300578783 /* MainWindow-iPad.xib in Resources */ = {isa = PBXBuildFile; fileRef = 10AE7C3A1521D18300578783 /* MainWindow-iPad.xib */; };
		10AE7C571521E7AB00578783 /* IrrlichtApplication.mm in Sources */ = {isa = PBXBuildFile; fileRef = 10AE7C561521E7AB00578783 /* IrrlichtApplication.mm */; };
		10C591551521F9040092D2A6 /* Default-Landscape.png in Resources */ = {isa = PBXBuildFile; fileRef = 10C5914B1521F9040092D2A6 /* Default-Landscape.png */; };
		10C591561521F9040092D2A6 /* Default-Landscape@2x.png in Resources */ = {isa = PBXBuildFile; fileRef = 10C5914C1521F9040092D2A6 /* Default-Landscape@2x.png */; };
		10C591571521F9040092D2A6 /* Default.png in Resources */ = {isa = PBXBuildFile; fileRef = 10C5914D1521F9040092D2A6 /* Default.png */; };
		10C591581521F9040092D2A6 /* Default@2x.png in Resources */ = {isa = PBXBuildFile; fileRef = 10C5914E1521F9040092D2A6 /* Default@2x.png */; };
		10C591591521F9040092D2A6 /* Icon-72.png in Resources */ = {isa = PBXBuildFile; fileRef = 10C5914F1521F9040092D2A6 /* Icon-72.png */; };
		10C5915A1521F9040092D2A6 /* Icon-144.png in Resources */ = {isa = PBXBuildFile; fileRef = 10C591501521F9040092D2A6 /* Icon-144.png */; };
		10C5915B1521F9040092D2A6 /* Icon-Small.png in Resources */ = {isa = PBXBuildFile; fileRef = 10C591511521F9040092D2A6 /* Icon-Small.png */; };
		10C5915C1521F9040092D2A6 /* Icon-Small@2x.png in Resources */ = {isa = PBXBuildFile; fileRef = 10C591521521F9040092D2A6 /* Icon-Small@2x.png */; };
		10C5915D1521F9040092D2A6 /* Icon.png in Resources */ = {isa = PBXBuildFile; fileRef = 10C591531521F9040092D2A6 /* Icon.png */; };
		10C5915E1521F9040092D2A6 /* Icon@2x.png in Resources */ = {isa = PBXBuildFile; fileRef = 10C591541521F9040092D2A6 /* Icon@2x.png */; };
		1D3623260D0F684500981E51 /* irrlichtAppDelegate.mm in Sources */ = {isa = PBXBuildFile; fileRef = 1D3623250D0F684500981E51 /* irrlichtAppDelegate.mm */; };
		1D60589B0D05DD56006BFB54 /* main.m in Sources */ = {isa = PBXBuildFile; fileRef = 29B97316FDCFA39411CA2CEA /* main.m */; };
		1D60589F0D05DD5A006BFB54 /* Foundation.framework in Frameworks */ = {isa = PBXBuildFile; fileRef = 1D30AB110D05D00D00671497 /* Foundation.framework */; };
		1DF5F4E00D08C38300B7A737 /* UIKit.framework in Frameworks */ = {isa = PBXBuildFile; fileRef = 1DF5F4DF0D08C38300B7A737 /* UIKit.framework */; };
		28AD733F0D9D9553002E5188 /* MainWindow.xib in Resources */ = {isa = PBXBuildFile; fileRef = 28AD733E0D9D9553002E5188 /* MainWindow.xib */; };
		28FD14FE0DC6FC130079059D /* EAGLView.mm in Sources */ = {isa = PBXBuildFile; fileRef = 28FD14FD0DC6FC130079059D /* EAGLView.mm */; };
		28FD15000DC6FC520079059D /* OpenGLES.framework in Frameworks */ = {isa = PBXBuildFile; fileRef = 28FD14FF0DC6FC520079059D /* OpenGLES.framework */; };
		28FD15080DC6FC5B0079059D /* QuartzCore.framework in Frameworks */ = {isa = PBXBuildFile; fileRef = 28FD15070DC6FC5B0079059D /* QuartzCore.framework */; };
/* End PBXBuildFile section */

/* Begin PBXFileReference section */
		10416BA215778CD30007C450 /* Application.cpp */ = {isa = PBXFileReference; fileEncoding = 4; lastKnownFileType = sourcecode.cpp.cpp; path = Application.cpp; sourceTree = "<group>"; };
		10416BA315778CD30007C450 /* Application.h */ = {isa = PBXFileReference; fileEncoding = 4; lastKnownFileType = sourcecode.c.h; path = Application.h; sourceTree = "<group>"; };
		10416BA415778CD30007C450 /* Commons.h */ = {isa = PBXFileReference; fileEncoding = 4; lastKnownFileType = sourcecode.c.h; path = Commons.h; sourceTree = "<group>"; };
		10416BA615778CD30007C450 /* Game.cpp */ = {isa = PBXFileReference; fileEncoding = 4; lastKnownFileType = sourcecode.cpp.cpp; path = Game.cpp; sourceTree = "<group>"; };
		10416BA715778CD30007C450 /* Game.h */ = {isa = PBXFileReference; fileEncoding = 4; lastKnownFileType = sourcecode.c.h; path = Game.h; sourceTree = "<group>"; };
		10416BAB15778CD30007C450 /* EvGameSWFEvent.h */ = {isa = PBXFileReference; fileEncoding = 4; lastKnownFileType = sourcecode.c.h; path = EvGameSWFEvent.h; sourceTree = "<group>"; };
		10416BAC15778CD30007C450 /* EvIrrlichtEvents.h */ = {isa = PBXFileReference; fileEncoding = 4; lastKnownFileType = sourcecode.c.h; path = EvIrrlichtEvents.h; sourceTree = "<group>"; };
		10416BB115778CD30007C450 /* GSAbout.cpp */ = {isa = PBXFileReference; fileEncoding = 4; lastKnownFileType = sourcecode.cpp.cpp; path = GSAbout.cpp; sourceTree = "<group>"; };
		10416BB215778CD30007C450 /* GSAbout.h */ = {isa = PBXFileReference; fileEncoding = 4; lastKnownFileType = sourcecode.c.h; path = GSAbout.h; sourceTree = "<group>"; };
		10416BB315778CD30007C450 /* GSBaseState.cpp */ = {isa = PBXFileReference; fileEncoding = 4; lastKnownFileType = sourcecode.cpp.cpp; path = GSBaseState.cpp; sourceTree = "<group>"; };
		10416BB415778CD30007C450 /* GSBaseState.h */ = {isa = PBXFileReference; fileEncoding = 4; lastKnownFileType = sourcecode.c.h; path = GSBaseState.h; sourceTree = "<group>"; };
		10416BB515778CD30007C450 /* GSLoadGame.cpp */ = {isa = PBXFileReference; fileEncoding = 4; lastKnownFileType = sourcecode.cpp.cpp; path = GSLoadGame.cpp; sourceTree = "<group>"; };
		10416BB615778CD30007C450 /* GSLoadGame.h */ = {isa = PBXFileReference; fileEncoding = 4; lastKnownFileType = sourcecode.c.h; path = GSLoadGame.h; sourceTree = "<group>"; };
		10416BB715778CD30007C450 /* GSMainMenu.cpp */ = {isa = PBXFileReference; fileEncoding = 4; lastKnownFileType = sourcecode.cpp.cpp; path = GSMainMenu.cpp; sourceTree = "<group>"; };
		10416BB815778CD30007C450 /* GSMainMenu.h */ = {isa = PBXFileReference; fileEncoding = 4; lastKnownFileType = sourcecode.c.h; path = GSMainMenu.h; sourceTree = "<group>"; };
		10416BB915778CD30007C450 /* GSMenuOption.cpp */ = {isa = PBXFileReference; fileEncoding = 4; lastKnownFileType = sourcecode.cpp.cpp; path = GSMenuOption.cpp; sourceTree = "<group>"; };
		10416BBA15778CD30007C450 /* GSMenuOption.h */ = {isa = PBXFileReference; fileEncoding = 4; lastKnownFileType = sourcecode.c.h; path = GSMenuOption.h; sourceTree = "<group>"; };
		10416BBB15778CD30007C450 /* GSNewGame.cpp */ = {isa = PBXFileReference; fileEncoding = 4; lastKnownFileType = sourcecode.cpp.cpp; path = GSNewGame.cpp; sourceTree = "<group>"; };
		10416BBC15778CD30007C450 /* GSNewGame.h */ = {isa = PBXFileReference; fileEncoding = 4; lastKnownFileType = sourcecode.c.h; path = GSNewGame.h; sourceTree = "<group>"; };
		10416BBD15778CD30007C450 /* GSSelectlanguage.cpp */ = {isa = PBXFileReference; fileEncoding = 4; lastKnownFileType = sourcecode.cpp.cpp; path = GSSelectlanguage.cpp; sourceTree = "<group>"; };
		10416BBE15778CD30007C450 /* GSSelectlanguage.h */ = {isa = PBXFileReference; fileEncoding = 4; lastKnownFileType = sourcecode.c.h; path = GSSelectlanguage.h; sourceTree = "<group>"; };
		10416BBF15778CD30007C450 /* GSTested_State.cpp */ = {isa = PBXFileReference; fileEncoding = 4; lastKnownFileType = sourcecode.cpp.cpp; path = GSTested_State.cpp; sourceTree = "<group>"; };
		10416BC015778CD30007C450 /* GSTested_State.h */ = {isa = PBXFileReference; fileEncoding = 4; lastKnownFileType = sourcecode.c.h; path = GSTested_State.h; sourceTree = "<group>"; };
		10416BC115778CD30007C450 /* Loading.cpp */ = {isa = PBXFileReference; fileEncoding = 4; lastKnownFileType = sourcecode.cpp.cpp; path = Loading.cpp; sourceTree = "<group>"; };
		10416BC215778CD30007C450 /* Loading.h */ = {isa = PBXFileReference; fileEncoding = 4; lastKnownFileType = sourcecode.c.h; path = Loading.h; sourceTree = "<group>"; };
		10416BC715778CD30007C450 /* GameObjects.h */ = {isa = PBXFileReference; fileEncoding = 4; lastKnownFileType = sourcecode.c.h; path = GameObjects.h; sourceTree = "<group>"; };
		10416BC815778CD30007C450 /* GOCharacter.cpp */ = {isa = PBXFileReference; fileEncoding = 4; lastKnownFileType = sourcecode.cpp.cpp; path = GOCharacter.cpp; sourceTree = "<group>"; };
		10416BC915778CD30007C450 /* GOCharacter.h */ = {isa = PBXFileReference; fileEncoding = 4; lastKnownFileType = sourcecode.c.h; path = GOCharacter.h; sourceTree = "<group>"; };
		10416BCB15778CD30007C450 /* CFBXMeshFileLoader.cpp */ = {isa = PBXFileReference; fileEncoding = 4; lastKnownFileType = sourcecode.cpp.cpp; path = CFBXMeshFileLoader.cpp; sourceTree = "<group>"; };
		10416BCC15778CD30007C450 /* CFBXMeshFileLoader.h */ = {isa = PBXFileReference; fileEncoding = 4; lastKnownFileType = sourcecode.c.h; path = CFBXMeshFileLoader.h; sourceTree = "<group>"; };
		10416BCD15778CD30007C450 /* CUnrealMeshFileLoader.cpp */ = {isa = PBXFileReference; fileEncoding = 4; lastKnownFileType = sourcecode.cpp.cpp; path = CUnrealMeshFileLoader.cpp; sourceTree = "<group>"; };
		10416BCE15778CD30007C450 /* CUnrealMeshFileLoader.h */ = {isa = PBXFileReference; fileEncoding = 4; lastKnownFileType = sourcecode.c.h; path = CUnrealMeshFileLoader.h; sourceTree = "<group>"; };
		10416BD115778CD30007C450 /* EEvent.h */ = {isa = PBXFileReference; fileEncoding = 4; lastKnownFileType = sourcecode.c.h; path = EEvent.h; sourceTree = "<group>"; };
		10416BD215778CD30007C450 /* EEventReceiver.h */ = {isa = PBXFileReference; fileEncoding = 4; lastKnownFileType = sourcecode.c.h; path = EEventReceiver.h; sourceTree = "<group>"; };
		10416BD315778CD30007C450 /* EventManager.cpp */ = {isa = PBXFileReference; fileEncoding = 4; lastKnownFileType = sourcecode.cpp.cpp; path = EventManager.cpp; sourceTree = "<group>"; };
		10416BD415778CD30007C450 /* EventManager.h */ = {isa = PBXFileReference; fileEncoding = 4; lastKnownFileType = sourcecode.c.h; path = EventManager.h; sourceTree = "<group>"; };
		10416BD715778CD30007C450 /* BaseGameObjects.h */ = {isa = PBXFileReference; fileEncoding = 4; lastKnownFileType = sourcecode.c.h; path = BaseGameObjects.h; sourceTree = "<group>"; };
		10416BD815778CD30007C450 /* GameObjectsManager.cpp */ = {isa = PBXFileReference; fileEncoding = 4; lastKnownFileType = sourcecode.cpp.cpp; path = GameObjectsManager.cpp; sourceTree = "<group>"; };
		10416BD915778CD30007C450 /* GameObjectsManager.h */ = {isa = PBXFileReference; fileEncoding = 4; lastKnownFileType = sourcecode.c.h; path = GameObjectsManager.h; sourceTree = "<group>"; };
		10416BDB15778CD30007C450 /* Logs.cpp */ = {isa = PBXFileReference; fileEncoding = 4; lastKnownFileType = sourcecode.cpp.cpp; path = Logs.cpp; sourceTree = "<group>"; };
		10416BDC15778CD30007C450 /* Logs.h */ = {isa = PBXFileReference; fileEncoding = 4; lastKnownFileType = sourcecode.c.h; path = Logs.h; sourceTree = "<group>"; };
		10416BDE15778CD30007C450 /* StateBase.h */ = {isa = PBXFileReference; fileEncoding = 4; lastKnownFileType = sourcecode.c.h; path = StateBase.h; sourceTree = "<group>"; };
		10416BDF15778CD30007C450 /* StateMachine.cpp */ = {isa = PBXFileReference; fileEncoding = 4; lastKnownFileType = sourcecode.cpp.cpp; path = StateMachine.cpp; sourceTree = "<group>"; };
		10416BE015778CD30007C450 /* StateMachine.h */ = {isa = PBXFileReference; fileEncoding = 4; lastKnownFileType = sourcecode.c.h; path = StateMachine.h; sourceTree = "<group>"; };
		10416BE215778CD30007C450 /* localization.h */ = {isa = PBXFileReference; fileEncoding = 2483028224; lastKnownFileType = sourcecode.c.h; path = localization.h; sourceTree = "<group>"; };
		10416BE415778CD30007C450 /* OpenOfficeContextLoader.cpp */ = {isa = PBXFileReference; fileEncoding = 4; lastKnownFileType = sourcecode.cpp.cpp; path = OpenOfficeContextLoader.cpp; sourceTree = "<group>"; };
		10416BE515778CD30007C450 /* OpenOfficeContextLoader.h */ = {isa = PBXFileReference; fileEncoding = 4; lastKnownFileType = sourcecode.c.h; path = OpenOfficeContextLoader.h; sourceTree = "<group>"; };
		10416BE615778CD30007C450 /* SpreadSheetsCell.cpp */ = {isa = PBXFileReference; fileEncoding = 4; lastKnownFileType = sourcecode.cpp.cpp; path = SpreadSheetsCell.cpp; sourceTree = "<group>"; };
		10416BE715778CD30007C450 /* SpreadSheetsCell.h */ = {isa = PBXFileReference; fileEncoding = 4; lastKnownFileType = sourcecode.c.h; path = SpreadSheetsCell.h; sourceTree = "<group>"; };
		10416BE815778CD30007C450 /* SpreadSheetsColumn.cpp */ = {isa = PBXFileReference; fileEncoding = 4; lastKnownFileType = sourcecode.cpp.cpp; path = SpreadSheetsColumn.cpp; sourceTree = "<group>"; };
		10416BE915778CD30007C450 /* SpreadSheetsColumn.h */ = {isa = PBXFileReference; fileEncoding = 4; lastKnownFileType = sourcecode.c.h; path = SpreadSheetsColumn.h; sourceTree = "<group>"; };
		10416BEA15778CD30007C450 /* SpreadSheetsCore.cpp */ = {isa = PBXFileReference; fileEncoding = 4; lastKnownFileType = sourcecode.cpp.cpp; path = SpreadSheetsCore.cpp; sourceTree = "<group>"; };
		10416BEB15778CD30007C450 /* SpreadSheetsCore.h */ = {isa = PBXFileReference; fileEncoding = 4; lastKnownFileType = sourcecode.c.h; path = SpreadSheetsCore.h; sourceTree = "<group>"; };
		10416BEC15778CD30007C450 /* SpreadSheetsList.cpp */ = {isa = PBXFileReference; fileEncoding = 4; lastKnownFileType = sourcecode.cpp.cpp; path = SpreadSheetsList.cpp; sourceTree = "<group>"; };
		10416BED15778CD30007C450 /* SpreadSheetsList.h */ = {isa = PBXFileReference; fileEncoding = 4; lastKnownFileType = sourcecode.c.h; path = SpreadSheetsList.h; sourceTree = "<group>"; };
		10416BEE15778CD30007C450 /* StringManager.cpp */ = {isa = PBXFileReference; fileEncoding = 4; lastKnownFileType = sourcecode.cpp.cpp; path = StringManager.cpp; sourceTree = "<group>"; };
		10416BEF15778CD30007C450 /* StringManager.h */ = {isa = PBXFileReference; fileEncoding = 4; lastKnownFileType = sourcecode.c.h; path = StringManager.h; sourceTree = "<group>"; };
		10416BF115778CD30007C450 /* TimeManager.cpp */ = {isa = PBXFileReference; fileEncoding = 4; lastKnownFileType = sourcecode.cpp.cpp; path = TimeManager.cpp; sourceTree = "<group>"; };
		10416BF215778CD30007C450 /* TimeManager.h */ = {isa = PBXFileReference; fileEncoding = 4; lastKnownFileType = sourcecode.c.h; path = TimeManager.h; sourceTree = "<group>"; };
		10416BF415778CD30007C450 /* UIFontFileSelector.cpp */ = {isa = PBXFileReference; fileEncoding = 4; lastKnownFileType = sourcecode.cpp.cpp; path = UIFontFileSelector.cpp; sourceTree = "<group>"; };
		10416BF515778CD30007C450 /* UIFontFileSelector.h */ = {isa = PBXFileReference; fileEncoding = 4; lastKnownFileType = sourcecode.c.h; path = UIFontFileSelector.h; sourceTree = "<group>"; };
		10416BF615778CD30007C450 /* UIManager.cpp */ = {isa = PBXFileReference; fileEncoding = 4; lastKnownFileType = sourcecode.cpp.cpp; path = UIManager.cpp; sourceTree = "<group>"; };
		10416BF715778CD30007C450 /* UIManager.h */ = {isa = PBXFileReference; fileEncoding = 4; lastKnownFileType = sourcecode.c.h; path = UIManager.h; sourceTree = "<group>"; };
		10416BF815778CD30007C450 /* UIObject.cpp */ = {isa = PBXFileReference; fileEncoding = 4; lastKnownFileType = sourcecode.cpp.cpp; path = UIObject.cpp; sourceTree = "<group>"; };
		10416BF915778CD30007C450 /* UIObject.h */ = {isa = PBXFileReference; fileEncoding = 4; lastKnownFileType = sourcecode.c.h; path = UIObject.h; sourceTree = "<group>"; };
		10416BFA15778CD30007C450 /* UIText.cpp */ = {isa = PBXFileReference; fileEncoding = 4; lastKnownFileType = sourcecode.cpp.cpp; path = UIText.cpp; sourceTree = "<group>"; };
		10416BFB15778CD30007C450 /* UIText.h */ = {isa = PBXFileReference; fileEncoding = 4; lastKnownFileType = sourcecode.c.h; path = UIText.h; sourceTree = "<group>"; };
		10416BFC15778CD30007C450 /* StdAfx.cpp */ = {isa = PBXFileReference; fileEncoding = 4; lastKnownFileType = sourcecode.cpp.cpp; path = StdAfx.cpp; sourceTree = "<group>"; };
		10416BFD15778CD30007C450 /* StdAfx.h */ = {isa = PBXFileReference; fileEncoding = 4; lastKnownFileType = sourcecode.c.h; path = StdAfx.h; sourceTree = "<group>"; };
		108E022C154AA26C00803EE6 /* OpenAL.framework */ = {isa = PBXFileReference; lastKnownFileType = wrapper.framework; name = OpenAL.framework; path = System/Library/Frameworks/OpenAL.framework; sourceTree = SDKROOT; };
		10A6EF7015332C9C00419003 /* data */ = {isa = PBXFileReference; lastKnownFileType = folder; name = data; path = ../../Build/data; sourceTree = "<group>"; };
		10A98E801520E82300A21E9E /* CoreGraphics.framework */ = {isa = PBXFileReference; lastKnownFileType = wrapper.framework; name = CoreGraphics.framework; path = System/Library/Frameworks/CoreGraphics.framework; sourceTree = SDKROOT; };
		10AE7C3A1521D18300578783 /* MainWindow-iPad.xib */ = {isa = PBXFileReference; fileEncoding = 4; lastKnownFileType = file.xib; path = "MainWindow-iPad.xib"; sourceTree = "<group>"; };
		10AE7C551521E7AB00578783 /* IrrlichtApplication.h */ = {isa = PBXFileReference; fileEncoding = 4; lastKnownFileType = sourcecode.c.h; path = IrrlichtApplication.h; sourceTree = "<group>"; };
		10AE7C561521E7AB00578783 /* IrrlichtApplication.mm */ = {isa = PBXFileReference; fileEncoding = 4; lastKnownFileType = sourcecode.cpp.objcpp; path = IrrlichtApplication.mm; sourceTree = "<group>"; };
		10C5914B1521F9040092D2A6 /* Default-Landscape.png */ = {isa = PBXFileReference; lastKnownFileType = image.png; path = "Default-Landscape.png"; sourceTree = "<group>"; };
		10C5914C1521F9040092D2A6 /* Default-Landscape@2x.png */ = {isa = PBXFileReference; lastKnownFileType = image.png; path = "Default-Landscape@2x.png"; sourceTree = "<group>"; };
		10C5914D1521F9040092D2A6 /* Default.png */ = {isa = PBXFileReference; lastKnownFileType = image.png; path = Default.png; sourceTree = "<group>"; };
		10C5914E1521F9040092D2A6 /* Default@2x.png */ = {isa = PBXFileReference; lastKnownFileType = image.png; path = "Default@2x.png"; sourceTree = "<group>"; };
		10C5914F1521F9040092D2A6 /* Icon-72.png */ = {isa = PBXFileReference; lastKnownFileType = image.png; path = "Icon-72.png"; sourceTree = "<group>"; };
		10C591501521F9040092D2A6 /* Icon-144.png */ = {isa = PBXFileReference; lastKnownFileType = image.png; path = "Icon-144.png"; sourceTree = "<group>"; };
		10C591511521F9040092D2A6 /* Icon-Small.png */ = {isa = PBXFileReference; lastKnownFileType = image.png; path = "Icon-Small.png"; sourceTree = "<group>"; };
		10C591521521F9040092D2A6 /* Icon-Small@2x.png */ = {isa = PBXFileReference; lastKnownFileType = image.png; path = "Icon-Small@2x.png"; sourceTree = "<group>"; };
		10C591531521F9040092D2A6 /* Icon.png */ = {isa = PBXFileReference; lastKnownFileType = image.png; path = Icon.png; sourceTree = "<group>"; };
		10C591541521F9040092D2A6 /* Icon@2x.png */ = {isa = PBXFileReference; lastKnownFileType = image.png; path = "Icon@2x.png"; sourceTree = "<group>"; };
		1D30AB110D05D00D00671497 /* Foundation.framework */ = {isa = PBXFileReference; lastKnownFileType = wrapper.framework; name = Foundation.framework; path = System/Library/Frameworks/Foundation.framework; sourceTree = SDKROOT; };
		1D3623240D0F684500981E51 /* irrlichtAppDelegate.h */ = {isa = PBXFileReference; fileEncoding = 4; lastKnownFileType = sourcecode.c.h; path = irrlichtAppDelegate.h; sourceTree = "<group>"; };
		1D3623250D0F684500981E51 /* irrlichtAppDelegate.mm */ = {isa = PBXFileReference; fileEncoding = 4; lastKnownFileType = sourcecode.cpp.objcpp; path = irrlichtAppDelegate.mm; sourceTree = "<group>"; };
		1D6058910D05DD3D006BFB54 /* Game.app */ = {isa = PBXFileReference; explicitFileType = wrapper.application; includeInIndex = 0; path = Game.app; sourceTree = BUILT_PRODUCTS_DIR; };
		1DF5F4DF0D08C38300B7A737 /* UIKit.framework */ = {isa = PBXFileReference; lastKnownFileType = wrapper.framework; name = UIKit.framework; path = System/Library/Frameworks/UIKit.framework; sourceTree = SDKROOT; };
		28AD733E0D9D9553002E5188 /* MainWindow.xib */ = {isa = PBXFileReference; lastKnownFileType = file.xib; path = MainWindow.xib; sourceTree = "<group>"; };
		28FD14FC0DC6FC130079059D /* EAGLView.h */ = {isa = PBXFileReference; fileEncoding = 4; lastKnownFileType = sourcecode.c.h; path = EAGLView.h; sourceTree = "<group>"; };
		28FD14FD0DC6FC130079059D /* EAGLView.mm */ = {isa = PBXFileReference; fileEncoding = 4; lastKnownFileType = sourcecode.cpp.objcpp; path = EAGLView.mm; sourceTree = "<group>"; };
		28FD14FF0DC6FC520079059D /* OpenGLES.framework */ = {isa = PBXFileReference; lastKnownFileType = wrapper.framework; name = OpenGLES.framework; path = System/Library/Frameworks/OpenGLES.framework; sourceTree = SDKROOT; };
		28FD15070DC6FC5B0079059D /* QuartzCore.framework */ = {isa = PBXFileReference; lastKnownFileType = wrapper.framework; name = QuartzCore.framework; path = System/Library/Frameworks/QuartzCore.framework; sourceTree = SDKROOT; };
		29B97316FDCFA39411CA2CEA /* main.m */ = {isa = PBXFileReference; fileEncoding = 4; lastKnownFileType = sourcecode.c.objc; path = main.m; sourceTree = "<group>"; };
		8D1107310486CEB800E47090 /* Info.plist */ = {isa = PBXFileReference; fileEncoding = 4; lastKnownFileType = text.plist.xml; path = Info.plist; sourceTree = "<group>"; };
		EEDC45940FB1F26D00327E62 /* Game_Prefix.pch */ = {isa = PBXFileReference; fileEncoding = 4; lastKnownFileType = sourcecode.c.h; path = Game_Prefix.pch; sourceTree = "<group>"; };
/* End PBXFileReference section */

/* Begin PBXFrameworksBuildPhase section */
		1D60588F0D05DD3D006BFB54 /* Frameworks */ = {
			isa = PBXFrameworksBuildPhase;
			buildActionMask = 2147483647;
			files = (
				108E022D154AA26C00803EE6 /* OpenAL.framework in Frameworks */,
				10A98E811520E82300A21E9E /* CoreGraphics.framework in Frameworks */,
				1D60589F0D05DD5A006BFB54 /* Foundation.framework in Frameworks */,
				1DF5F4E00D08C38300B7A737 /* UIKit.framework in Frameworks */,
				28FD15000DC6FC520079059D /* OpenGLES.framework in Frameworks */,
				28FD15080DC6FC5B0079059D /* QuartzCore.framework in Frameworks */,
			);
			runOnlyForDeploymentPostprocessing = 0;
		};
/* End PBXFrameworksBuildPhase section */

/* Begin PBXGroup section */
		080E96DDFE201D6D7F000001 /* Classes */ = {
			isa = PBXGroup;
			children = (
				28FD14FC0DC6FC130079059D /* EAGLView.h */,
				28FD14FD0DC6FC130079059D /* EAGLView.mm */,
				1D3623240D0F684500981E51 /* irrlichtAppDelegate.h */,
				1D3623250D0F684500981E51 /* irrlichtAppDelegate.mm */,
			);
			path = Classes;
			sourceTree = "<group>";
		};
		10416BA015778CD30007C450 /* Source */ = {
			isa = PBXGroup;
			children = (
				10416BA115778CD30007C450 /* Core */,
				10416BA515778CD30007C450 /* Game */,
				10416BCF15778CD30007C450 /* Managers */,
				10416BFC15778CD30007C450 /* StdAfx.cpp */,
				10416BFD15778CD30007C450 /* StdAfx.h */,
			);
			name = Source;
			path = ../../Source;
			sourceTree = "<group>";
		};
		10416BA115778CD30007C450 /* Core */ = {
			isa = PBXGroup;
			children = (
				10416BA215778CD30007C450 /* Application.cpp */,
				10416BA315778CD30007C450 /* Application.h */,
				10416BA415778CD30007C450 /* Commons.h */,
			);
			path = Core;
			sourceTree = "<group>";
		};
		10416BA515778CD30007C450 /* Game */ = {
			isa = PBXGroup;
			children = (
				10416BA615778CD30007C450 /* Game.cpp */,
				10416BA715778CD30007C450 /* Game.h */,
				10416BA815778CD30007C450 /* GameEvents */,
				10416BAD15778CD30007C450 /* GameState */,
				10416BC115778CD30007C450 /* Loading.cpp */,
				10416BC215778CD30007C450 /* Loading.h */,
				10416BC315778CD30007C450 /* Objects */,
				10416BCA15778CD30007C450 /* tool */,
			);
			path = Game;
			sourceTree = "<group>";
		};
		10416BA815778CD30007C450 /* GameEvents */ = {
			isa = PBXGroup;
			children = (
				10416BAB15778CD30007C450 /* EvGameSWFEvent.h */,
				10416BAC15778CD30007C450 /* EvIrrlichtEvents.h */,
			);
			path = GameEvents;
			sourceTree = "<group>";
		};
		10416BAD15778CD30007C450 /* GameState */ = {
			isa = PBXGroup;
			children = (
				10416BB115778CD30007C450 /* GSAbout.cpp */,
				10416BB215778CD30007C450 /* GSAbout.h */,
				10416BB315778CD30007C450 /* GSBaseState.cpp */,
				10416BB415778CD30007C450 /* GSBaseState.h */,
				10416BB515778CD30007C450 /* GSLoadGame.cpp */,
				10416BB615778CD30007C450 /* GSLoadGame.h */,
				10416BB715778CD30007C450 /* GSMainMenu.cpp */,
				10416BB815778CD30007C450 /* GSMainMenu.h */,
				10416BB915778CD30007C450 /* GSMenuOption.cpp */,
				10416BBA15778CD30007C450 /* GSMenuOption.h */,
				10416BBB15778CD30007C450 /* GSNewGame.cpp */,
				10416BBC15778CD30007C450 /* GSNewGame.h */,
				10416BBD15778CD30007C450 /* GSSelectlanguage.cpp */,
				10416BBE15778CD30007C450 /* GSSelectlanguage.h */,
				10416BBF15778CD30007C450 /* GSTested_State.cpp */,
				10416BC015778CD30007C450 /* GSTested_State.h */,
			);
			path = GameState;
			sourceTree = "<group>";
		};
		10416BC315778CD30007C450 /* Objects */ = {
			isa = PBXGroup;
			children = (
				10416BC715778CD30007C450 /* GameObjects.h */,
				10416BC815778CD30007C450 /* GOCharacter.cpp */,
				10416BC915778CD30007C450 /* GOCharacter.h */,
			);
			path = Objects;
			sourceTree = "<group>";
		};
		10416BCA15778CD30007C450 /* tool */ = {
			isa = PBXGroup;
			children = (
				10416BCB15778CD30007C450 /* CFBXMeshFileLoader.cpp */,
				10416BCC15778CD30007C450 /* CFBXMeshFileLoader.h */,
				10416BCD15778CD30007C450 /* CUnrealMeshFileLoader.cpp */,
				10416BCE15778CD30007C450 /* CUnrealMeshFileLoader.h */,
			);
			path = tool;
			sourceTree = "<group>";
		};
		10416BCF15778CD30007C450 /* Managers */ = {
			isa = PBXGroup;
			children = (
				10416BD015778CD30007C450 /* EventManager */,
				10416BD615778CD30007C450 /* GameObjectsManager */,
				10416BDA15778CD30007C450 /* LogManager */,
				10416BDD15778CD30007C450 /* StateManager */,
				10416BE115778CD30007C450 /* StringManager */,
				10416BF015778CD30007C450 /* TimeManager */,
				10416BF315778CD30007C450 /* UIManager */,
			);
			path = Managers;
			sourceTree = "<group>";
		};
		10416BD015778CD30007C450 /* EventManager */ = {
			isa = PBXGroup;
			children = (
				10416BD115778CD30007C450 /* EEvent.h */,
				10416BD215778CD30007C450 /* EEventReceiver.h */,
				10416BD315778CD30007C450 /* EventManager.cpp */,
				10416BD415778CD30007C450 /* EventManager.h */,
				10416BD515778CD30007C450 /* Events */,
			);
			path = EventManager;
			sourceTree = "<group>";
		};
		10416BD515778CD30007C450 /* Events */ = {
			isa = PBXGroup;
			children = (
			);
			path = Events;
			sourceTree = "<group>";
		};
		10416BD615778CD30007C450 /* GameObjectsManager */ = {
			isa = PBXGroup;
			children = (
				10416BD715778CD30007C450 /* BaseGameObjects.h */,
				10416BD815778CD30007C450 /* GameObjectsManager.cpp */,
				10416BD915778CD30007C450 /* GameObjectsManager.h */,
			);
			path = GameObjectsManager;
			sourceTree = "<group>";
		};
		10416BDA15778CD30007C450 /* LogManager */ = {
			isa = PBXGroup;
			children = (
				10416BDB15778CD30007C450 /* Logs.cpp */,
				10416BDC15778CD30007C450 /* Logs.h */,
			);
			path = LogManager;
			sourceTree = "<group>";
		};
		10416BDD15778CD30007C450 /* StateManager */ = {
			isa = PBXGroup;
			children = (
				10416BDE15778CD30007C450 /* StateBase.h */,
				10416BDF15778CD30007C450 /* StateMachine.cpp */,
				10416BE015778CD30007C450 /* StateMachine.h */,
			);
			path = StateManager;
			sourceTree = "<group>";
		};
		10416BE115778CD30007C450 /* StringManager */ = {
			isa = PBXGroup;
			children = (
				10416BE215778CD30007C450 /* localization.h */,
				10416BE315778CD30007C450 /* spreadsheets */,
				10416BEE15778CD30007C450 /* StringManager.cpp */,
				10416BEF15778CD30007C450 /* StringManager.h */,
			);
			path = StringManager;
			sourceTree = "<group>";
		};
		10416BE315778CD30007C450 /* spreadsheets */ = {
			isa = PBXGroup;
			children = (
				10416BE415778CD30007C450 /* OpenOfficeContextLoader.cpp */,
				10416BE515778CD30007C450 /* OpenOfficeContextLoader.h */,
				10416BE615778CD30007C450 /* SpreadSheetsCell.cpp */,
				10416BE715778CD30007C450 /* SpreadSheetsCell.h */,
				10416BE815778CD30007C450 /* SpreadSheetsColumn.cpp */,
				10416BE915778CD30007C450 /* SpreadSheetsColumn.h */,
				10416BEA15778CD30007C450 /* SpreadSheetsCore.cpp */,
				10416BEB15778CD30007C450 /* SpreadSheetsCore.h */,
				10416BEC15778CD30007C450 /* SpreadSheetsList.cpp */,
				10416BED15778CD30007C450 /* SpreadSheetsList.h */,
			);
			path = spreadsheets;
			sourceTree = "<group>";
		};
		10416BF015778CD30007C450 /* TimeManager */ = {
			isa = PBXGroup;
			children = (
				10416BF115778CD30007C450 /* TimeManager.cpp */,
				10416BF215778CD30007C450 /* TimeManager.h */,
			);
			path = TimeManager;
			sourceTree = "<group>";
		};
		10416BF315778CD30007C450 /* UIManager */ = {
			isa = PBXGroup;
			children = (
				10416BF415778CD30007C450 /* UIFontFileSelector.cpp */,
				10416BF515778CD30007C450 /* UIFontFileSelector.h */,
				10416BF615778CD30007C450 /* UIManager.cpp */,
				10416BF715778CD30007C450 /* UIManager.h */,
				10416BF815778CD30007C450 /* UIObject.cpp */,
				10416BF915778CD30007C450 /* UIObject.h */,
				10416BFA15778CD30007C450 /* UIText.cpp */,
				10416BFB15778CD30007C450 /* UIText.h */,
			);
			path = UIManager;
			sourceTree = "<group>";
		};
		19C28FACFE9D520D11CA2CBB /* Products */ = {
			isa = PBXGroup;
			children = (
				1D6058910D05DD3D006BFB54 /* Game.app */,
			);
			name = Products;
			sourceTree = "<group>";
		};
		29B97314FDCFA39411CA2CEA /* CustomTemplate */ = {
			isa = PBXGroup;
			children = (
				10416BA015778CD30007C450 /* Source */,
				080E96DDFE201D6D7F000001 /* Classes */,
				29B97323FDCFA39411CA2CEA /* Frameworks */,
				19C28FACFE9D520D11CA2CBB /* Products */,
				29B97317FDCFA39411CA2CEA /* Resources */,
				29B97315FDCFA39411CA2CEA /* xCode */,
			);
			name = CustomTemplate;
			sourceTree = "<group>";
		};
		29B97315FDCFA39411CA2CEA /* xCode */ = {
			isa = PBXGroup;
			children = (
				10AE7C551521E7AB00578783 /* IrrlichtApplication.h */,
				10AE7C561521E7AB00578783 /* IrrlichtApplication.mm */,
				EEDC45940FB1F26D00327E62 /* Game_Prefix.pch */,
				29B97316FDCFA39411CA2CEA /* main.m */,
			);
			name = xCode;
			sourceTree = "<group>";
		};
		29B97317FDCFA39411CA2CEA /* Resources */ = {
			isa = PBXGroup;
			children = (
				10C5914B1521F9040092D2A6 /* Default-Landscape.png */,
				10C5914C1521F9040092D2A6 /* Default-Landscape@2x.png */,
				10C5914D1521F9040092D2A6 /* Default.png */,
				10C5914E1521F9040092D2A6 /* Default@2x.png */,
				10A6EF7015332C9C00419003 /* data */,
				10C5914F1521F9040092D2A6 /* Icon-72.png */,
				10C591501521F9040092D2A6 /* Icon-144.png */,
				10C591511521F9040092D2A6 /* Icon-Small.png */,
				10C591521521F9040092D2A6 /* Icon-Small@2x.png */,
				10C591531521F9040092D2A6 /* Icon.png */,
				10C591541521F9040092D2A6 /* Icon@2x.png */,
				8D1107310486CEB800E47090 /* Info.plist */,
				10AE7C3A1521D18300578783 /* MainWindow-iPad.xib */,
				28AD733E0D9D9553002E5188 /* MainWindow.xib */,
			);
			name = Resources;
			sourceTree = "<group>";
		};
		29B97323FDCFA39411CA2CEA /* Frameworks */ = {
			isa = PBXGroup;
			children = (
				108E022C154AA26C00803EE6 /* OpenAL.framework */,
				10A98E801520E82300A21E9E /* CoreGraphics.framework */,
				28FD15070DC6FC5B0079059D /* QuartzCore.framework */,
				28FD14FF0DC6FC520079059D /* OpenGLES.framework */,
				1DF5F4DF0D08C38300B7A737 /* UIKit.framework */,
				1D30AB110D05D00D00671497 /* Foundation.framework */,
			);
			name = Frameworks;
			sourceTree = "<group>";
		};
/* End PBXGroup section */

/* Begin PBXNativeTarget section */
		1D6058900D05DD3D006BFB54 /* Game */ = {
			isa = PBXNativeTarget;
			buildConfigurationList = 1D6058960D05DD3E006BFB54 /* Build configuration list for PBXNativeTarget "Game" */;
			buildPhases = (
				1D60588D0D05DD3D006BFB54 /* Resources */,
				1D60588E0D05DD3D006BFB54 /* Sources */,
				1D60588F0D05DD3D006BFB54 /* Frameworks */,
			);
			buildRules = (
			);
			dependencies = (
			);
			name = Game;
			productName = iFingerSoccer;
			productReference = 1D6058910D05DD3D006BFB54 /* Game.app */;
			productType = "com.apple.product-type.application";
		};
/* End PBXNativeTarget section */

/* Begin PBXProject section */
		29B97313FDCFA39411CA2CEA /* Project object */ = {
			isa = PBXProject;
			buildConfigurationList = C01FCF4E08A954540054247B /* Build configuration list for PBXProject "Game" */;
			compatibilityVersion = "Xcode 3.1";
			developmentRegion = English;
			hasScannedForEncodings = 1;
			knownRegions = (
				en,
			);
			mainGroup = 29B97314FDCFA39411CA2CEA /* CustomTemplate */;
			projectDirPath = "";
			projectRoot = "";
			targets = (
				1D6058900D05DD3D006BFB54 /* Game */,
			);
		};
/* End PBXProject section */

/* Begin PBXResourcesBuildPhase section */
		1D60588D0D05DD3D006BFB54 /* Resources */ = {
			isa = PBXResourcesBuildPhase;
			buildActionMask = 2147483647;
			files = (
				28AD733F0D9D9553002E5188 /* MainWindow.xib in Resources */,
				10AE7C3B1521D18300578783 /* MainWindow-iPad.xib in Resources */,
				10C591551521F9040092D2A6 /* Default-Landscape.png in Resources */,
				10C591561521F9040092D2A6 /* Default-Landscape@2x.png in Resources */,
				10C591571521F9040092D2A6 /* Default.png in Resources */,
				10C591581521F9040092D2A6 /* Default@2x.png in Resources */,
				10C591591521F9040092D2A6 /* Icon-72.png in Resources */,
				10C5915A1521F9040092D2A6 /* Icon-144.png in Resources */,
				10C5915B1521F9040092D2A6 /* Icon-Small.png in Resources */,
				10C5915C1521F9040092D2A6 /* Icon-Small@2x.png in Resources */,
				10C5915D1521F9040092D2A6 /* Icon.png in Resources */,
				10C5915E1521F9040092D2A6 /* Icon@2x.png in Resources */,
				10A6EF7115332C9C00419003 /* data in Resources */,
			);
			runOnlyForDeploymentPostprocessing = 0;
		};
/* End PBXResourcesBuildPhase section */

/* Begin PBXSourcesBuildPhase section */
		1D60588E0D05DD3D006BFB54 /* Sources */ = {
			isa = PBXSourcesBuildPhase;
			buildActionMask = 2147483647;
			files = (
				1D60589B0D05DD56006BFB54 /* main.m in Sources */,
				1D3623260D0F684500981E51 /* irrlichtAppDelegate.mm in Sources */,
				28FD14FE0DC6FC130079059D /* EAGLView.mm in Sources */,
				10AE7C571521E7AB00578783 /* IrrlichtApplication.mm in Sources */,
				10416BFE15778CD30007C450 /* Application.cpp in Sources */,
				10416BFF15778CD30007C450 /* Game.cpp in Sources */,
				10416C0115778CD30007C450 /* GSAbout.cpp in Sources */,
				10416C0215778CD30007C450 /* GSBaseState.cpp in Sources */,
				10416C0315778CD30007C450 /* GSLoadGame.cpp in Sources */,
				10416C0415778CD30007C450 /* GSMainMenu.cpp in Sources */,
				10416C0515778CD30007C450 /* GSMenuOption.cpp in Sources */,
				10416C0615778CD30007C450 /* GSNewGame.cpp in Sources */,
				10416C0715778CD30007C450 /* GSSelectlanguage.cpp in Sources */,
				10416C0815778CD30007C450 /* GSTested_State.cpp in Sources */,
				10416C0915778CD30007C450 /* Loading.cpp in Sources */,
				10416C0B15778CD30007C450 /* GOCharacter.cpp in Sources */,
				10416C0C15778CD30007C450 /* CFBXMeshFileLoader.cpp in Sources */,
				10416C0D15778CD30007C450 /* CUnrealMeshFileLoader.cpp in Sources */,
				10416C0E15778CD30007C450 /* EventManager.cpp in Sources */,
				10416C0F15778CD30007C450 /* GameObjectsManager.cpp in Sources */,
				10416C1015778CD30007C450 /* Logs.cpp in Sources */,
				10416C1115778CD30007C450 /* StateMachine.cpp in Sources */,
				10416C1215778CD30007C450 /* OpenOfficeContextLoader.cpp in Sources */,
				10416C1315778CD30007C450 /* SpreadSheetsCell.cpp in Sources */,
				10416C1415778CD30007C450 /* SpreadSheetsColumn.cpp in Sources */,
				10416C1515778CD30007C450 /* SpreadSheetsCore.cpp in Sources */,
				10416C1615778CD30007C450 /* SpreadSheetsList.cpp in Sources */,
				10416C1715778CD30007C450 /* StringManager.cpp in Sources */,
				10416C1815778CD30007C450 /* TimeManager.cpp in Sources */,
				10416C1915778CD30007C450 /* UIFontFileSelector.cpp in Sources */,
				10416C1A15778CD30007C450 /* UIManager.cpp in Sources */,
				10416C1B15778CD30007C450 /* UIObject.cpp in Sources */,
				10416C1C15778CD30007C450 /* UIText.cpp in Sources */,
				10416C1D15778CD30007C450 /* StdAfx.cpp in Sources */,
			);
			runOnlyForDeploymentPostprocessing = 0;
		};
/* End PBXSourcesBuildPhase section */

/* Begin XCBuildConfiguration section */
		1D6058940D05DD3E006BFB54 /* Debug */ = {
			isa = XCBuildConfiguration;
			buildSettings = {
				ALWAYS_SEARCH_USER_PATHS = NO;
				CODE_SIGN_IDENTITY = "iPhone Developer";
				"CODE_SIGN_IDENTITY[sdk=iphoneos*]" = "iPhone Developer";
				COPY_PHASE_STRIP = NO;
				GCC_DYNAMIC_NO_PIC = NO;
				GCC_OPTIMIZATION_LEVEL = 0;
				GCC_PRECOMPILE_PREFIX_HEADER = YES;
				GCC_PREFIX_HEADER = Game_Prefix.pch;
				GCC_VERSION = "";
				HEADER_SEARCH_PATHS = (
					"../../Externals/irrlicht/include/**",
					"../../Source/**",
					../../Source/Core/,
					../../Source/Game/,
					"../../Externals/gameswf/**",
					"../../Externals/freetype/include/**",
					"../../Externals/Lua/**",
					"../../Externals/IrrBullet/**",
				);
				INFOPLIST_FILE = Info.plist;
				IPHONEOS_DEPLOYMENT_TARGET = 3.2;
				LIBRARY_SEARCH_PATHS = (
					"../../Lib/Lib_IOS_Debug/**",
					"\"$(SRCROOT)/../../Externals/gameswf/projects/iphone/build/Release-iphoneos\"",
				);
				"LIBRARY_SEARCH_PATHS[arch=*]" = "../../Lib/Lib_IOS_Debug/**";
				OTHER_CFLAGS = "-fwide-exec-charset=UTF-16LE";
				OTHER_LDFLAGS = (
					"-lIrrlicht",
					"-lzlib",
					"-ljpeg",
					"-lfreetype",
					"-lgameswf",
					"-lBox2D",
					"-lIrrBullet",
					"-lLua",
				);
				PRODUCT_NAME = Game;
				PROVISIONING_PROFILE = "";
				"PROVISIONING_PROFILE[sdk=iphoneos*]" = "";
				SDKROOT = iphoneos;
				STANDARD_C_PLUS_PLUS_LIBRARY_TYPE = dynamic;
				TARGETED_DEVICE_FAMILY = "1,2";
			};
			name = Debug;
		};
		1D6058950D05DD3E006BFB54 /* Release */ = {
			isa = XCBuildConfiguration;
			buildSettings = {
				ALWAYS_SEARCH_USER_PATHS = NO;
				CODE_SIGN_ENTITLEMENTS = "";
				CODE_SIGN_IDENTITY = "iPhone Developer";
				"CODE_SIGN_IDENTITY[sdk=iphoneos*]" = "iPhone Developer";
				COPY_PHASE_STRIP = YES;
				GCC_PRECOMPILE_PREFIX_HEADER = YES;
				GCC_PREFIX_HEADER = Game_Prefix.pch;
				GCC_VERSION = "";
				HEADER_SEARCH_PATHS = (
					"../../Externals/irrlicht/include/**",
					"../../Source/**",
					../../Source/Core/,
					../../Source/Game/,
					"../../Externals/gameswf/**",
					"../../Externals/freetype/include/**",
					"../../Externals/Lua/**",
					"../../Externals/IrrBullet/**",
				);
				INFOPLIST_FILE = Info.plist;
				IPHONEOS_DEPLOYMENT_TARGET = 3.2;
				LIBRARY_SEARCH_PATHS = (
					"../../Lib/Lib_IOS_Release/**",
					"\"$(SRCROOT)/../../Externals/gameswf/projects/iphone/build/Release-iphoneos\"",
				);
				OTHER_CFLAGS = "-fwide-exec-charset=UTF-16LE";
				OTHER_LDFLAGS = (
					"-lIrrlicht",
					"-lzlib",
					"-ljpeg",
					"-lfreetype",
					"-lgameswf",
					"-lBox2D",
					"-lIrrBullet",
					"-lLua",
				);
				PRODUCT_NAME = Game;
				PROVISIONING_PROFILE = "";
				"PROVISIONING_PROFILE[sdk=iphoneos*]" = "";
				SDKROOT = iphoneos;
				TARGETED_DEVICE_FAMILY = "1,2";
			};
			name = Release;
		};
		C01FCF4F08A954540054247B /* Debug */ = {
			isa = XCBuildConfiguration;
			buildSettings = {
				ARCHS = "$(ARCHS_STANDARD_32_BIT)";
				CODE_SIGN_IDENTITY = "iPhone Developer";
				"CODE_SIGN_IDENTITY[sdk=iphoneos*]" = "iPhone Developer";
				GCC_C_LANGUAGE_STANDARD = c99;
				GCC_VERSION = "";
				GCC_WARN_ABOUT_RETURN_TYPE = YES;
				GCC_WARN_UNUSED_VARIABLE = YES;
				HEADER_SEARCH_PATHS = "";
				IPHONEOS_DEPLOYMENT_TARGET = 3.2;
				LIBRARY_SEARCH_PATHS = "";
				ONLY_ACTIVE_ARCH = YES;
				PREBINDING = NO;
				PRODUCT_NAME = irrlichtApplication;
				PROVISIONING_PROFILE = "";
				"PROVISIONING_PROFILE[sdk=iphoneos*]" = "";
				SDKROOT = iphoneos;
				TARGETED_DEVICE_FAMILY = "1,2";
			};
			name = Debug;
		};
		C01FCF5008A954540054247B /* Release */ = {
			isa = XCBuildConfiguration;
			buildSettings = {
				ARCHS = "$(ARCHS_STANDARD_32_BIT)";
				CODE_SIGN_IDENTITY = "iPhone Developer";
				"CODE_SIGN_IDENTITY[sdk=iphoneos*]" = "iPhone Developer";
				GCC_C_LANGUAGE_STANDARD = c99;
				GCC_VERSION = "";
				GCC_WARN_ABOUT_RETURN_TYPE = YES;
				GCC_WARN_UNUSED_VARIABLE = YES;
				IPHONEOS_DEPLOYMENT_TARGET = 3.2;
				PREBINDING = NO;
				PRODUCT_NAME = irrlichtApplication;
				PROVISIONING_PROFILE = "";
				"PROVISIONING_PROFILE[sdk=iphoneos*]" = "";
				SDKROOT = iphoneos;
				TARGETED_DEVICE_FAMILY = "1,2";
			};
			name = Release;
		};
/* End XCBuildConfiguration section */

/* Begin XCConfigurationList section */
		1D6058960D05DD3E006BFB54 /* Build configuration list for PBXNativeTarget "Game" */ = {
			isa = XCConfigurationList;
			buildConfigurations = (
				1D6058940D05DD3E006BFB54 /* Debug */,
				1D6058950D05DD3E006BFB54 /* Release */,
			);
			defaultConfigurationIsVisible = 0;
			defaultConfigurationName = Release;
		};
		C01FCF4E08A954540054247B /* Build configuration list for PBXProject "Game" */ = {
			isa = XCConfigurationList;
			buildConfigurations = (
				C01FCF4F08A954540054247B /* Debug */,
				C01FCF5008A954540054247B /* Release */,
			);
			defaultConfigurationIsVisible = 0;
			defaultConfigurationName = Release;
		};
/* End XCConfigurationList section */
	};
	rootObject = 29B97313FDCFA39411CA2CEA /* Project object */;
}
