
Microsoft Visual Studio Solution File, Format Version 10.00
# Visual C++ Express 2008
Project("{8BC9CEB8-8B4A-11D0-8D11-00A0C91BC942}") = "game", "game_win32.vcproj", "{8EC901A9-DCF1-41D8-B903-978566734125}"
	ProjectSection(ProjectDependencies) = postProject
		{E08E042A-6C45-411B-92BE-3CC31331019F} = {E08E042A-6C45-411B-92BE-3CC31331019F}
		{AD07B24C-BAFB-47A9-9B9A-FA74A537056A} = {AD07B24C-BAFB-47A9-9B9A-FA74A537056A}
		{8D4A6865-B36E-4412-A338-23C4BD0B8451} = {8D4A6865-B36E-4412-A338-23C4BD0B8451}
		{FD3D7869-7385-4464-A06A-06F3CD9149FB} = {FD3D7869-7385-4464-A06A-06F3CD9149FB}
		{D82FC0B1-4BC8-4C37-944C-94F6105A2992} = {D82FC0B1-4BC8-4C37-944C-94F6105A2992}
		{78B079BD-9FC7-4B9E-B4A6-96DA0F00248B} = {78B079BD-9FC7-4B9E-B4A6-96DA0F00248B}
	EndProjectSection
EndProject
Project("{8BC9CEB8-8B4A-11D0-8D11-00A0C91BC942}") = "Irrlicht", "..\..\Externals\irrlicht\source\Irrlicht\Irrlicht9.0.vcproj", "{E08E042A-6C45-411B-92BE-3CC31331019F}"
EndProject
Project("{8BC9CEB8-8B4A-11D0-8D11-00A0C91BC942}") = "Box2D", "..\..\Externals\Box2D\Projects\win32\Box2D.vcproj", "{FD3D7869-7385-4464-A06A-06F3CD9149FB}"
EndProject
Project("{8BC9CEB8-8B4A-11D0-8D11-00A0C91BC942}") = "gameswf", "..\..\Externals\gameswf\projects\Win32\gameswf\gameswf.vcproj", "{D82FC0B1-4BC8-4C37-944C-94F6105A2992}"
EndProject
Project("{8BC9CEB8-8B4A-11D0-8D11-00A0C91BC942}") = "freetype", "..\..\Externals\freetype\builds\win32\vc2008\freetype.vcproj", "{78B079BD-9FC7-4B9E-B4A6-96DA0F00248B}"
EndProject
Project("{8BC9CEB8-8B4A-11D0-8D11-00A0C91BC942}") = "zlib", "..\..\Externals\zlib\zlib\zlib.vcproj", "{AD07B24C-BAFB-47A9-9B9A-FA74A537056A}"
EndProject
Project("{8BC9CEB8-8B4A-11D0-8D11-00A0C91BC942}") = "jpeg", "..\..\Externals\jpeg\jpeg\jpeg.vcproj", "{8D4A6865-B36E-4412-A338-23C4BD0B8451}"
EndProject
Project("{8BC9CEB8-8B4A-11D0-8D11-00A0C91BC942}") = "IrrBullet", "..\..\Externals\IrrBullet\Projects\win32\IrrBullet.vcproj", "{7A2C27A5-2645-41C9-934B-3A751B51A003}"
EndProject
Project("{8BC9CEB8-8B4A-11D0-8D11-00A0C91BC942}") = "Lua", "..\..\Externals\Lua\Projects\win32\Lua.vcproj", "{4EA391F4-867C-4803-B948-9D6CB6F4B23E}"
EndProject
Global
	GlobalSection(SolutionConfigurationPlatforms) = preSolution
		Debug|Win32 = Debug|Win32
		Release|Win32 = Release|Win32
	EndGlobalSection
	GlobalSection(ProjectConfigurationPlatforms) = postSolution
		{8EC901A9-DCF1-41D8-B903-978566734125}.Debug|Win32.ActiveCfg = Debug|Win32
		{8EC901A9-DCF1-41D8-B903-978566734125}.Debug|Win32.Build.0 = Debug|Win32
		{8EC901A9-DCF1-41D8-B903-978566734125}.Release|Win32.ActiveCfg = Release|Win32
		{8EC901A9-DCF1-41D8-B903-978566734125}.Release|Win32.Build.0 = Release|Win32
		{E08E042A-6C45-411B-92BE-3CC31331019F}.Debug|Win32.ActiveCfg = Debug|Win32
		{E08E042A-6C45-411B-92BE-3CC31331019F}.Debug|Win32.Build.0 = Debug|Win32
		{E08E042A-6C45-411B-92BE-3CC31331019F}.Release|Win32.ActiveCfg = Release|Win32
		{E08E042A-6C45-411B-92BE-3CC31331019F}.Release|Win32.Build.0 = Release|Win32
		{FD3D7869-7385-4464-A06A-06F3CD9149FB}.Debug|Win32.ActiveCfg = Debug|Win32
		{FD3D7869-7385-4464-A06A-06F3CD9149FB}.Debug|Win32.Build.0 = Debug|Win32
		{FD3D7869-7385-4464-A06A-06F3CD9149FB}.Release|Win32.ActiveCfg = Release|Win32
		{FD3D7869-7385-4464-A06A-06F3CD9149FB}.Release|Win32.Build.0 = Release|Win32
		{D82FC0B1-4BC8-4C37-944C-94F6105A2992}.Debug|Win32.ActiveCfg = Debug|Win32
		{D82FC0B1-4BC8-4C37-944C-94F6105A2992}.Debug|Win32.Build.0 = Debug|Win32
		{D82FC0B1-4BC8-4C37-944C-94F6105A2992}.Release|Win32.ActiveCfg = Release|Win32
		{D82FC0B1-4BC8-4C37-944C-94F6105A2992}.Release|Win32.Build.0 = Release|Win32
		{78B079BD-9FC7-4B9E-B4A6-96DA0F00248B}.Debug|Win32.ActiveCfg = Debug|Win32
		{78B079BD-9FC7-4B9E-B4A6-96DA0F00248B}.Debug|Win32.Build.0 = Debug|Win32
		{78B079BD-9FC7-4B9E-B4A6-96DA0F00248B}.Release|Win32.ActiveCfg = Release|Win32
		{78B079BD-9FC7-4B9E-B4A6-96DA0F00248B}.Release|Win32.Build.0 = Release|Win32
		{AD07B24C-BAFB-47A9-9B9A-FA74A537056A}.Debug|Win32.ActiveCfg = Debug|Win32
		{AD07B24C-BAFB-47A9-9B9A-FA74A537056A}.Debug|Win32.Build.0 = Debug|Win32
		{AD07B24C-BAFB-47A9-9B9A-FA74A537056A}.Release|Win32.ActiveCfg = Release|Win32
		{AD07B24C-BAFB-47A9-9B9A-FA74A537056A}.Release|Win32.Build.0 = Release|Win32
		{8D4A6865-B36E-4412-A338-23C4BD0B8451}.Debug|Win32.ActiveCfg = Debug|Win32
		{8D4A6865-B36E-4412-A338-23C4BD0B8451}.Debug|Win32.Build.0 = Debug|Win32
		{8D4A6865-B36E-4412-A338-23C4BD0B8451}.Release|Win32.ActiveCfg = Release|Win32
		{8D4A6865-B36E-4412-A338-23C4BD0B8451}.Release|Win32.Build.0 = Release|Win32
		{7A2C27A5-2645-41C9-934B-3A751B51A003}.Debug|Win32.ActiveCfg = Debug|Win32
		{7A2C27A5-2645-41C9-934B-3A751B51A003}.Debug|Win32.Build.0 = Debug|Win32
		{7A2C27A5-2645-41C9-934B-3A751B51A003}.Release|Win32.ActiveCfg = Release|Win32
		{7A2C27A5-2645-41C9-934B-3A751B51A003}.Release|Win32.Build.0 = Release|Win32
		{4EA391F4-867C-4803-B948-9D6CB6F4B23E}.Debug|Win32.ActiveCfg = Debug|Win32
		{4EA391F4-867C-4803-B948-9D6CB6F4B23E}.Debug|Win32.Build.0 = Debug|Win32
		{4EA391F4-867C-4803-B948-9D6CB6F4B23E}.Release|Win32.ActiveCfg = Release|Win32
		{4EA391F4-867C-4803-B948-9D6CB6F4B23E}.Release|Win32.Build.0 = Release|Win32
	EndGlobalSection
	GlobalSection(SolutionProperties) = preSolution
		HideSolutionNode = FALSE
	EndGlobalSection
EndGlobal
